
Microsoft Visual Studio Solution File, Format Version 12.00
# Visual Studio Version 16
VisualStudioVersion = 16.0.29020.237
MinimumVisualStudioVersion = 10.0.40219.1
Project("{FAE04EC0-301F-11D3-BF4B-00C04F79EFBC}") = "FIRMA_MVC", "FIRMA_MVC.csproj", "{82DF20B9-71CC-44CC-A8DC-82CB3B800576}"
EndProject
Global
	GlobalSection(SolutionConfigurationPlatforms) = preSolution
		Debug|Any CPU = Debug|Any CPU
		Release|Any CPU = Release|Any CPU
	EndGlobalSection
	GlobalSection(ProjectConfigurationPlatforms) = postSolution
		{82DF20B9-71CC-44CC-A8DC-82CB3B800576}.Debug|Any CPU.ActiveCfg = Debug|Any CPU
		{82DF20B9-71CC-44CC-A8DC-82CB3B800576}.Debug|Any CPU.Build.0 = Debug|Any CPU
		{82DF20B9-71CC-44CC-A8DC-82CB3B800576}.Release|Any CPU.ActiveCfg = Release|Any CPU
		{82DF20B9-71CC-44CC-A8DC-82CB3B800576}.Release|Any CPU.Build.0 = Release|Any CPU
	EndGlobalSection
	GlobalSection(SolutionProperties) = preSolution
		HideSolutionNode = FALSE
	EndGlobalSection
	GlobalSection(ExtensibilityGlobals) = postSolution
		SolutionGuid = {667E7C0B-A17C-4D14-B547-D62E6BD5FD46}
	EndGlobalSection
EndGlobal
